
Microsoft Visual Studio Solution File, Format Version 12.00
# Visual Studio 15
VisualStudioVersion = 15.0.27004.2006
MinimumVisualStudioVersion = 10.0.40219.1
Project("{9A19103F-16F7-4668-BE54-9A1E7A4F7556}") = "KafkaConsumer", "KafkaConsumer\KafkaConsumer.csproj", "{2C2D3004-C642-4581-84FE-BB49DE139313}"
EndProject
Project("{FAE04EC0-301F-11D3-BF4B-00C04F79EFBC}") = "KafkaProducer", "KafkaProducer\KafkaProducer.csproj", "{2A4BB19B-C458-466A-B0E4-A45CE96A5C26}"
EndProject
Global
	GlobalSection(SolutionConfigurationPlatforms) = preSolution
		Debug|Any CPU = Debug|Any CPU
		Release|Any CPU = Release|Any CPU
	EndGlobalSection
	GlobalSection(ProjectConfigurationPlatforms) = postSolution
		{2C2D3004-C642-4581-84FE-BB49DE139313}.Debug|Any CPU.ActiveCfg = Debug|Any CPU
		{2C2D3004-C642-4581-84FE-BB49DE139313}.Debug|Any CPU.Build.0 = Debug|Any CPU
		{2C2D3004-C642-4581-84FE-BB49DE139313}.Release|Any CPU.ActiveCfg = Release|Any CPU
		{2C2D3004-C642-4581-84FE-BB49DE139313}.Release|Any CPU.Build.0 = Release|Any CPU
		{2A4BB19B-C458-466A-B0E4-A45CE96A5C26}.Debug|Any CPU.ActiveCfg = Debug|Any CPU
		{2A4BB19B-C458-466A-B0E4-A45CE96A5C26}.Debug|Any CPU.Build.0 = Debug|Any CPU
		{2A4BB19B-C458-466A-B0E4-A45CE96A5C26}.Release|Any CPU.ActiveCfg = Release|Any CPU
		{2A4BB19B-C458-466A-B0E4-A45CE96A5C26}.Release|Any CPU.Build.0 = Release|Any CPU
	EndGlobalSection
	GlobalSection(SolutionProperties) = preSolution
		HideSolutionNode = FALSE
	EndGlobalSection
	GlobalSection(ExtensibilityGlobals) = postSolution
		SolutionGuid = {EC751D10-8C01-4085-AC19-5F69386B3D64}
	EndGlobalSection
EndGlobal
